
Microsoft Visual Studio Solution File, Format Version 12.00
# Visual Studio Version 17
VisualStudioVersion = 17.3.32819.101
MinimumVisualStudioVersion = 10.0.40219.1
Project("{2150E333-8FDC-42A3-9474-1A3956D46DE8}") = "Sample", "Sample", "{B835CB20-1EFD-4E0D-8A44-D2137B0BBA08}"
EndProject
Project("{FAE04EC0-301F-11D3-BF4B-00C04F79EFBC}") = "DocumentPicker.UWP", "src\DocumentPicker.UWP\DocumentPicker.UWP.csproj", "{56694DD3-C6D7-4012-ACB8-576DB8A278B4}"
EndProject
Project("{9A19103F-16F7-4668-BE54-9A1E7A4F7556}") = "DocumentConverter.Plugin", "src\DocumentPicker.Plugin\DocumentConverter.Plugin.csproj", "{E7DAA66A-5132-4441-BFFE-6661A28EBEB7}"
EndProject
Project("{9A19103F-16F7-4668-BE54-9A1E7A4F7556}") = "DocumentPicker.Samples", "src\DocumentPicker.Sample\DocumentPicker.Samples.csproj", "{A41FA517-4FA9-46B9-B243-D1980D9265CA}"
EndProject
Project("{FAE04EC0-301F-11D3-BF4B-00C04F79EFBC}") = "DocumentPicker.IOS", "src\DocumentPicker.IOS\DocumentPicker.IOS.csproj", "{31736910-5174-4C45-8BF7-0C2F58CA5DA6}"
EndProject
Project("{2150E333-8FDC-42A3-9474-1A3956D46DE8}") = "Tests", "Tests", "{512684C5-3D70-49DD-8148-5FC1BD25CA4B}"
EndProject
Project("{9A19103F-16F7-4668-BE54-9A1E7A4F7556}") = "DocumentConverter.Tests", "tests\DocumentConverter.Tests\DocumentConverter.Tests.csproj", "{B2552CED-92C2-44EE-9EE0-086A7B780133}"
EndProject
Project("{FAE04EC0-301F-11D3-BF4B-00C04F79EFBC}") = "DocumentPicker.Droid", "src\DocumentPicker.Droid\DocumentPicker.Droid.csproj", "{F7830ABA-CFCF-481C-9AB7-D5973FFE9B85}"
EndProject
Global
	GlobalSection(SolutionConfigurationPlatforms) = preSolution
		Debug|Any CPU = Debug|Any CPU
		Debug|ARM = Debug|ARM
		Debug|ARM64 = Debug|ARM64
		Debug|iPhone = Debug|iPhone
		Debug|iPhoneSimulator = Debug|iPhoneSimulator
		Debug|x64 = Debug|x64
		Debug|x86 = Debug|x86
		Release|Any CPU = Release|Any CPU
		Release|ARM = Release|ARM
		Release|ARM64 = Release|ARM64
		Release|iPhone = Release|iPhone
		Release|iPhoneSimulator = Release|iPhoneSimulator
		Release|x64 = Release|x64
		Release|x86 = Release|x86
	EndGlobalSection
	GlobalSection(ProjectConfigurationPlatforms) = postSolution
		{56694DD3-C6D7-4012-ACB8-576DB8A278B4}.Debug|Any CPU.ActiveCfg = Debug|x64
		{56694DD3-C6D7-4012-ACB8-576DB8A278B4}.Debug|Any CPU.Build.0 = Debug|x64
		{56694DD3-C6D7-4012-ACB8-576DB8A278B4}.Debug|Any CPU.Deploy.0 = Debug|x64
		{56694DD3-C6D7-4012-ACB8-576DB8A278B4}.Debug|ARM.ActiveCfg = Debug|ARM
		{56694DD3-C6D7-4012-ACB8-576DB8A278B4}.Debug|ARM.Build.0 = Debug|ARM
		{56694DD3-C6D7-4012-ACB8-576DB8A278B4}.Debug|ARM.Deploy.0 = Debug|ARM
		{56694DD3-C6D7-4012-ACB8-576DB8A278B4}.Debug|ARM64.ActiveCfg = Debug|ARM64
		{56694DD3-C6D7-4012-ACB8-576DB8A278B4}.Debug|ARM64.Build.0 = Debug|ARM64
		{56694DD3-C6D7-4012-ACB8-576DB8A278B4}.Debug|ARM64.Deploy.0 = Debug|ARM64
		{56694DD3-C6D7-4012-ACB8-576DB8A278B4}.Debug|iPhone.ActiveCfg = Debug|x64
		{56694DD3-C6D7-4012-ACB8-576DB8A278B4}.Debug|iPhone.Build.0 = Debug|x64
		{56694DD3-C6D7-4012-ACB8-576DB8A278B4}.Debug|iPhone.Deploy.0 = Debug|x64
		{56694DD3-C6D7-4012-ACB8-576DB8A278B4}.Debug|iPhoneSimulator.ActiveCfg = Debug|x64
		{56694DD3-C6D7-4012-ACB8-576DB8A278B4}.Debug|iPhoneSimulator.Build.0 = Debug|x64
		{56694DD3-C6D7-4012-ACB8-576DB8A278B4}.Debug|iPhoneSimulator.Deploy.0 = Debug|x64
		{56694DD3-C6D7-4012-ACB8-576DB8A278B4}.Debug|x64.ActiveCfg = Debug|x64
		{56694DD3-C6D7-4012-ACB8-576DB8A278B4}.Debug|x64.Build.0 = Debug|x64
		{56694DD3-C6D7-4012-ACB8-576DB8A278B4}.Debug|x64.Deploy.0 = Debug|x64
		{56694DD3-C6D7-4012-ACB8-576DB8A278B4}.Debug|x86.ActiveCfg = Debug|x86
		{56694DD3-C6D7-4012-ACB8-576DB8A278B4}.Debug|x86.Build.0 = Debug|x86
		{56694DD3-C6D7-4012-ACB8-576DB8A278B4}.Debug|x86.Deploy.0 = Debug|x86
		{56694DD3-C6D7-4012-ACB8-576DB8A278B4}.Release|Any CPU.ActiveCfg = Release|x64
		{56694DD3-C6D7-4012-ACB8-576DB8A278B4}.Release|Any CPU.Build.0 = Release|x64
		{56694DD3-C6D7-4012-ACB8-576DB8A278B4}.Release|Any CPU.Deploy.0 = Release|x64
		{56694DD3-C6D7-4012-ACB8-576DB8A278B4}.Release|ARM.ActiveCfg = Release|ARM
		{56694DD3-C6D7-4012-ACB8-576DB8A278B4}.Release|ARM.Build.0 = Release|ARM
		{56694DD3-C6D7-4012-ACB8-576DB8A278B4}.Release|ARM.Deploy.0 = Release|ARM
		{56694DD3-C6D7-4012-ACB8-576DB8A278B4}.Release|ARM64.ActiveCfg = Release|ARM64
		{56694DD3-C6D7-4012-ACB8-576DB8A278B4}.Release|ARM64.Build.0 = Release|ARM64
		{56694DD3-C6D7-4012-ACB8-576DB8A278B4}.Release|ARM64.Deploy.0 = Release|ARM64
		{56694DD3-C6D7-4012-ACB8-576DB8A278B4}.Release|iPhone.ActiveCfg = Release|x64
		{56694DD3-C6D7-4012-ACB8-576DB8A278B4}.Release|iPhone.Build.0 = Release|x64
		{56694DD3-C6D7-4012-ACB8-576DB8A278B4}.Release|iPhone.Deploy.0 = Release|x64
		{56694DD3-C6D7-4012-ACB8-576DB8A278B4}.Release|iPhoneSimulator.ActiveCfg = Release|x64
		{56694DD3-C6D7-4012-ACB8-576DB8A278B4}.Release|iPhoneSimulator.Build.0 = Release|x64
		{56694DD3-C6D7-4012-ACB8-576DB8A278B4}.Release|iPhoneSimulator.Deploy.0 = Release|x64
		{56694DD3-C6D7-4012-ACB8-576DB8A278B4}.Release|x64.ActiveCfg = Release|x64
		{56694DD3-C6D7-4012-ACB8-576DB8A278B4}.Release|x64.Build.0 = Release|x64
		{56694DD3-C6D7-4012-ACB8-576DB8A278B4}.Release|x64.Deploy.0 = Release|x64
		{56694DD3-C6D7-4012-ACB8-576DB8A278B4}.Release|x86.ActiveCfg = Release|x86
		{56694DD3-C6D7-4012-ACB8-576DB8A278B4}.Release|x86.Build.0 = Release|x86
		{56694DD3-C6D7-4012-ACB8-576DB8A278B4}.Release|x86.Deploy.0 = Release|x86
		{E7DAA66A-5132-4441-BFFE-6661A28EBEB7}.Debug|Any CPU.ActiveCfg = Debug|Any CPU
		{E7DAA66A-5132-4441-BFFE-6661A28EBEB7}.Debug|Any CPU.Build.0 = Debug|Any CPU
		{E7DAA66A-5132-4441-BFFE-6661A28EBEB7}.Debug|ARM.ActiveCfg = Debug|Any CPU
		{E7DAA66A-5132-4441-BFFE-6661A28EBEB7}.Debug|ARM.Build.0 = Debug|Any CPU
		{E7DAA66A-5132-4441-BFFE-6661A28EBEB7}.Debug|ARM64.ActiveCfg = Debug|Any CPU
		{E7DAA66A-5132-4441-BFFE-6661A28EBEB7}.Debug|ARM64.Build.0 = Debug|Any CPU
		{E7DAA66A-5132-4441-BFFE-6661A28EBEB7}.Debug|iPhone.ActiveCfg = Debug|Any CPU
		{E7DAA66A-5132-4441-BFFE-6661A28EBEB7}.Debug|iPhone.Build.0 = Debug|Any CPU
		{E7DAA66A-5132-4441-BFFE-6661A28EBEB7}.Debug|iPhoneSimulator.ActiveCfg = Debug|Any CPU
		{E7DAA66A-5132-4441-BFFE-6661A28EBEB7}.Debug|iPhoneSimulator.Build.0 = Debug|Any CPU
		{E7DAA66A-5132-4441-BFFE-6661A28EBEB7}.Debug|x64.ActiveCfg = Debug|Any CPU
		{E7DAA66A-5132-4441-BFFE-6661A28EBEB7}.Debug|x64.Build.0 = Debug|Any CPU
		{E7DAA66A-5132-4441-BFFE-6661A28EBEB7}.Debug|x86.ActiveCfg = Debug|Any CPU
		{E7DAA66A-5132-4441-BFFE-6661A28EBEB7}.Debug|x86.Build.0 = Debug|Any CPU
		{E7DAA66A-5132-4441-BFFE-6661A28EBEB7}.Release|Any CPU.ActiveCfg = Release|Any CPU
		{E7DAA66A-5132-4441-BFFE-6661A28EBEB7}.Release|Any CPU.Build.0 = Release|Any CPU
		{E7DAA66A-5132-4441-BFFE-6661A28EBEB7}.Release|ARM.ActiveCfg = Release|Any CPU
		{E7DAA66A-5132-4441-BFFE-6661A28EBEB7}.Release|ARM.Build.0 = Release|Any CPU
		{E7DAA66A-5132-4441-BFFE-6661A28EBEB7}.Release|ARM64.ActiveCfg = Release|Any CPU
		{E7DAA66A-5132-4441-BFFE-6661A28EBEB7}.Release|ARM64.Build.0 = Release|Any CPU
		{E7DAA66A-5132-4441-BFFE-6661A28EBEB7}.Release|iPhone.ActiveCfg = Release|Any CPU
		{E7DAA66A-5132-4441-BFFE-6661A28EBEB7}.Release|iPhone.Build.0 = Release|Any CPU
		{E7DAA66A-5132-4441-BFFE-6661A28EBEB7}.Release|iPhoneSimulator.ActiveCfg = Release|Any CPU
		{E7DAA66A-5132-4441-BFFE-6661A28EBEB7}.Release|iPhoneSimulator.Build.0 = Release|Any CPU
		{E7DAA66A-5132-4441-BFFE-6661A28EBEB7}.Release|x64.ActiveCfg = Release|Any CPU
		{E7DAA66A-5132-4441-BFFE-6661A28EBEB7}.Release|x64.Build.0 = Release|Any CPU
		{E7DAA66A-5132-4441-BFFE-6661A28EBEB7}.Release|x86.ActiveCfg = Release|Any CPU
		{E7DAA66A-5132-4441-BFFE-6661A28EBEB7}.Release|x86.Build.0 = Release|Any CPU
		{A41FA517-4FA9-46B9-B243-D1980D9265CA}.Debug|Any CPU.ActiveCfg = Debug|Any CPU
		{A41FA517-4FA9-46B9-B243-D1980D9265CA}.Debug|Any CPU.Build.0 = Debug|Any CPU
		{A41FA517-4FA9-46B9-B243-D1980D9265CA}.Debug|ARM.ActiveCfg = Debug|Any CPU
		{A41FA517-4FA9-46B9-B243-D1980D9265CA}.Debug|ARM.Build.0 = Debug|Any CPU
		{A41FA517-4FA9-46B9-B243-D1980D9265CA}.Debug|ARM64.ActiveCfg = Debug|Any CPU
		{A41FA517-4FA9-46B9-B243-D1980D9265CA}.Debug|ARM64.Build.0 = Debug|Any CPU
		{A41FA517-4FA9-46B9-B243-D1980D9265CA}.Debug|iPhone.ActiveCfg = Debug|Any CPU
		{A41FA517-4FA9-46B9-B243-D1980D9265CA}.Debug|iPhone.Build.0 = Debug|Any CPU
		{A41FA517-4FA9-46B9-B243-D1980D9265CA}.Debug|iPhoneSimulator.ActiveCfg = Debug|Any CPU
		{A41FA517-4FA9-46B9-B243-D1980D9265CA}.Debug|iPhoneSimulator.Build.0 = Debug|Any CPU
		{A41FA517-4FA9-46B9-B243-D1980D9265CA}.Debug|x64.ActiveCfg = Debug|Any CPU
		{A41FA517-4FA9-46B9-B243-D1980D9265CA}.Debug|x64.Build.0 = Debug|Any CPU
		{A41FA517-4FA9-46B9-B243-D1980D9265CA}.Debug|x86.ActiveCfg = Debug|Any CPU
		{A41FA517-4FA9-46B9-B243-D1980D9265CA}.Debug|x86.Build.0 = Debug|Any CPU
		{A41FA517-4FA9-46B9-B243-D1980D9265CA}.Release|Any CPU.ActiveCfg = Release|Any CPU
		{A41FA517-4FA9-46B9-B243-D1980D9265CA}.Release|Any CPU.Build.0 = Release|Any CPU
		{A41FA517-4FA9-46B9-B243-D1980D9265CA}.Release|ARM.ActiveCfg = Release|Any CPU
		{A41FA517-4FA9-46B9-B243-D1980D9265CA}.Release|ARM.Build.0 = Release|Any CPU
		{A41FA517-4FA9-46B9-B243-D1980D9265CA}.Release|ARM64.ActiveCfg = Release|Any CPU
		{A41FA517-4FA9-46B9-B243-D1980D9265CA}.Release|ARM64.Build.0 = Release|Any CPU
		{A41FA517-4FA9-46B9-B243-D1980D9265CA}.Release|iPhone.ActiveCfg = Release|Any CPU
		{A41FA517-4FA9-46B9-B243-D1980D9265CA}.Release|iPhone.Build.0 = Release|Any CPU
		{A41FA517-4FA9-46B9-B243-D1980D9265CA}.Release|iPhoneSimulator.ActiveCfg = Release|Any CPU
		{A41FA517-4FA9-46B9-B243-D1980D9265CA}.Release|iPhoneSimulator.Build.0 = Release|Any CPU
		{A41FA517-4FA9-46B9-B243-D1980D9265CA}.Release|x64.ActiveCfg = Release|Any CPU
		{A41FA517-4FA9-46B9-B243-D1980D9265CA}.Release|x64.Build.0 = Release|Any CPU
		{A41FA517-4FA9-46B9-B243-D1980D9265CA}.Release|x86.ActiveCfg = Release|Any CPU
		{A41FA517-4FA9-46B9-B243-D1980D9265CA}.Release|x86.Build.0 = Release|Any CPU
		{31736910-5174-4C45-8BF7-0C2F58CA5DA6}.Debug|Any CPU.ActiveCfg = Debug|iPhoneSimulator
		{31736910-5174-4C45-8BF7-0C2F58CA5DA6}.Debug|Any CPU.Build.0 = Debug|iPhoneSimulator
		{31736910-5174-4C45-8BF7-0C2F58CA5DA6}.Debug|ARM.ActiveCfg = Debug|iPhoneSimulator
		{31736910-5174-4C45-8BF7-0C2F58CA5DA6}.Debug|ARM.Build.0 = Debug|iPhoneSimulator
		{31736910-5174-4C45-8BF7-0C2F58CA5DA6}.Debug|ARM64.ActiveCfg = Debug|iPhoneSimulator
		{31736910-5174-4C45-8BF7-0C2F58CA5DA6}.Debug|ARM64.Build.0 = Debug|iPhoneSimulator
		{31736910-5174-4C45-8BF7-0C2F58CA5DA6}.Debug|iPhone.ActiveCfg = Debug|iPhone
		{31736910-5174-4C45-8BF7-0C2F58CA5DA6}.Debug|iPhone.Build.0 = Debug|iPhone
		{31736910-5174-4C45-8BF7-0C2F58CA5DA6}.Debug|iPhone.Deploy.0 = Debug|iPhone
		{31736910-5174-4C45-8BF7-0C2F58CA5DA6}.Debug|iPhoneSimulator.ActiveCfg = Debug|iPhoneSimulator
		{31736910-5174-4C45-8BF7-0C2F58CA5DA6}.Debug|iPhoneSimulator.Build.0 = Debug|iPhoneSimulator
		{31736910-5174-4C45-8BF7-0C2F58CA5DA6}.Debug|x64.ActiveCfg = Debug|iPhoneSimulator
		{31736910-5174-4C45-8BF7-0C2F58CA5DA6}.Debug|x64.Build.0 = Debug|iPhoneSimulator
		{31736910-5174-4C45-8BF7-0C2F58CA5DA6}.Debug|x86.ActiveCfg = Debug|iPhoneSimulator
		{31736910-5174-4C45-8BF7-0C2F58CA5DA6}.Debug|x86.Build.0 = Debug|iPhoneSimulator
		{31736910-5174-4C45-8BF7-0C2F58CA5DA6}.Release|Any CPU.ActiveCfg = Release|iPhoneSimulator
		{31736910-5174-4C45-8BF7-0C2F58CA5DA6}.Release|Any CPU.Build.0 = Release|iPhoneSimulator
		{31736910-5174-4C45-8BF7-0C2F58CA5DA6}.Release|ARM.ActiveCfg = Release|iPhoneSimulator
		{31736910-5174-4C45-8BF7-0C2F58CA5DA6}.Release|ARM.Build.0 = Release|iPhoneSimulator
		{31736910-5174-4C45-8BF7-0C2F58CA5DA6}.Release|ARM64.ActiveCfg = Release|iPhoneSimulator
		{31736910-5174-4C45-8BF7-0C2F58CA5DA6}.Release|ARM64.Build.0 = Release|iPhoneSimulator
		{31736910-5174-4C45-8BF7-0C2F58CA5DA6}.Release|iPhone.ActiveCfg = Release|iPhone
		{31736910-5174-4C45-8BF7-0C2F58CA5DA6}.Release|iPhone.Build.0 = Release|iPhone
		{31736910-5174-4C45-8BF7-0C2F58CA5DA6}.Release|iPhoneSimulator.ActiveCfg = Release|iPhoneSimulator
		{31736910-5174-4C45-8BF7-0C2F58CA5DA6}.Release|iPhoneSimulator.Build.0 = Release|iPhoneSimulator
		{31736910-5174-4C45-8BF7-0C2F58CA5DA6}.Release|x64.ActiveCfg = Release|iPhoneSimulator
		{31736910-5174-4C45-8BF7-0C2F58CA5DA6}.Release|x64.Build.0 = Release|iPhoneSimulator
		{31736910-5174-4C45-8BF7-0C2F58CA5DA6}.Release|x86.ActiveCfg = Release|iPhoneSimulator
		{31736910-5174-4C45-8BF7-0C2F58CA5DA6}.Release|x86.Build.0 = Release|iPhoneSimulator
		{B2552CED-92C2-44EE-9EE0-086A7B780133}.Debug|Any CPU.ActiveCfg = Debug|Any CPU
		{B2552CED-92C2-44EE-9EE0-086A7B780133}.Debug|Any CPU.Build.0 = Debug|Any CPU
		{B2552CED-92C2-44EE-9EE0-086A7B780133}.Debug|ARM.ActiveCfg = Debug|Any CPU
		{B2552CED-92C2-44EE-9EE0-086A7B780133}.Debug|ARM.Build.0 = Debug|Any CPU
		{B2552CED-92C2-44EE-9EE0-086A7B780133}.Debug|ARM64.ActiveCfg = Debug|Any CPU
		{B2552CED-92C2-44EE-9EE0-086A7B780133}.Debug|ARM64.Build.0 = Debug|Any CPU
		{B2552CED-92C2-44EE-9EE0-086A7B780133}.Debug|iPhone.ActiveCfg = Debug|Any CPU
		{B2552CED-92C2-44EE-9EE0-086A7B780133}.Debug|iPhone.Build.0 = Debug|Any CPU
		{B2552CED-92C2-44EE-9EE0-086A7B780133}.Debug|iPhoneSimulator.ActiveCfg = Debug|Any CPU
		{B2552CED-92C2-44EE-9EE0-086A7B780133}.Debug|iPhoneSimulator.Build.0 = Debug|Any CPU
		{B2552CED-92C2-44EE-9EE0-086A7B780133}.Debug|x64.ActiveCfg = Debug|Any CPU
		{B2552CED-92C2-44EE-9EE0-086A7B780133}.Debug|x64.Build.0 = Debug|Any CPU
		{B2552CED-92C2-44EE-9EE0-086A7B780133}.Debug|x86.ActiveCfg = Debug|Any CPU
		{B2552CED-92C2-44EE-9EE0-086A7B780133}.Debug|x86.Build.0 = Debug|Any CPU
		{B2552CED-92C2-44EE-9EE0-086A7B780133}.Release|Any CPU.ActiveCfg = Release|Any CPU
		{B2552CED-92C2-44EE-9EE0-086A7B780133}.Release|Any CPU.Build.0 = Release|Any CPU
		{B2552CED-92C2-44EE-9EE0-086A7B780133}.Release|ARM.ActiveCfg = Release|Any CPU
		{B2552CED-92C2-44EE-9EE0-086A7B780133}.Release|ARM.Build.0 = Release|Any CPU
		{B2552CED-92C2-44EE-9EE0-086A7B780133}.Release|ARM64.ActiveCfg = Release|Any CPU
		{B2552CED-92C2-44EE-9EE0-086A7B780133}.Release|ARM64.Build.0 = Release|Any CPU
		{B2552CED-92C2-44EE-9EE0-086A7B780133}.Release|iPhone.ActiveCfg = Release|Any CPU
		{B2552CED-92C2-44EE-9EE0-086A7B780133}.Release|iPhone.Build.0 = Release|Any CPU
		{B2552CED-92C2-44EE-9EE0-086A7B780133}.Release|iPhoneSimulator.ActiveCfg = Release|Any CPU
		{B2552CED-92C2-44EE-9EE0-086A7B780133}.Release|iPhoneSimulator.Build.0 = Release|Any CPU
		{B2552CED-92C2-44EE-9EE0-086A7B780133}.Release|x64.ActiveCfg = Release|Any CPU
		{B2552CED-92C2-44EE-9EE0-086A7B780133}.Release|x64.Build.0 = Release|Any CPU
		{B2552CED-92C2-44EE-9EE0-086A7B780133}.Release|x86.ActiveCfg = Release|Any CPU
		{B2552CED-92C2-44EE-9EE0-086A7B780133}.Release|x86.Build.0 = Release|Any CPU
		{F7830ABA-CFCF-481C-9AB7-D5973FFE9B85}.Debug|Any CPU.ActiveCfg = Debug|Any CPU
		{F7830ABA-CFCF-481C-9AB7-D5973FFE9B85}.Debug|Any CPU.Build.0 = Debug|Any CPU
		{F7830ABA-CFCF-481C-9AB7-D5973FFE9B85}.Debug|Any CPU.Deploy.0 = Debug|Any CPU
		{F7830ABA-CFCF-481C-9AB7-D5973FFE9B85}.Debug|ARM.ActiveCfg = Debug|Any CPU
		{F7830ABA-CFCF-481C-9AB7-D5973FFE9B85}.Debug|ARM.Build.0 = Debug|Any CPU
		{F7830ABA-CFCF-481C-9AB7-D5973FFE9B85}.Debug|ARM.Deploy.0 = Debug|Any CPU
		{F7830ABA-CFCF-481C-9AB7-D5973FFE9B85}.Debug|ARM64.ActiveCfg = Debug|Any CPU
		{F7830ABA-CFCF-481C-9AB7-D5973FFE9B85}.Debug|ARM64.Build.0 = Debug|Any CPU
		{F7830ABA-CFCF-481C-9AB7-D5973FFE9B85}.Debug|ARM64.Deploy.0 = Debug|Any CPU
		{F7830ABA-CFCF-481C-9AB7-D5973FFE9B85}.Debug|iPhone.ActiveCfg = Debug|Any CPU
		{F7830ABA-CFCF-481C-9AB7-D5973FFE9B85}.Debug|iPhone.Build.0 = Debug|Any CPU
		{F7830ABA-CFCF-481C-9AB7-D5973FFE9B85}.Debug|iPhone.Deploy.0 = Debug|Any CPU
		{F7830ABA-CFCF-481C-9AB7-D5973FFE9B85}.Debug|iPhoneSimulator.ActiveCfg = Debug|Any CPU
		{F7830ABA-CFCF-481C-9AB7-D5973FFE9B85}.Debug|iPhoneSimulator.Build.0 = Debug|Any CPU
		{F7830ABA-CFCF-481C-9AB7-D5973FFE9B85}.Debug|iPhoneSimulator.Deploy.0 = Debug|Any CPU
		{F7830ABA-CFCF-481C-9AB7-D5973FFE9B85}.Debug|x64.ActiveCfg = Debug|Any CPU
		{F7830ABA-CFCF-481C-9AB7-D5973FFE9B85}.Debug|x64.Build.0 = Debug|Any CPU
		{F7830ABA-CFCF-481C-9AB7-D5973FFE9B85}.Debug|x64.Deploy.0 = Debug|Any CPU
		{F7830ABA-CFCF-481C-9AB7-D5973FFE9B85}.Debug|x86.ActiveCfg = Debug|Any CPU
		{F7830ABA-CFCF-481C-9AB7-D5973FFE9B85}.Debug|x86.Build.0 = Debug|Any CPU
		{F7830ABA-CFCF-481C-9AB7-D5973FFE9B85}.Debug|x86.Deploy.0 = Debug|Any CPU
		{F7830ABA-CFCF-481C-9AB7-D5973FFE9B85}.Release|Any CPU.ActiveCfg = Release|Any CPU
		{F7830ABA-CFCF-481C-9AB7-D5973FFE9B85}.Release|Any CPU.Build.0 = Release|Any CPU
		{F7830ABA-CFCF-481C-9AB7-D5973FFE9B85}.Release|Any CPU.Deploy.0 = Release|Any CPU
		{F7830ABA-CFCF-481C-9AB7-D5973FFE9B85}.Release|ARM.ActiveCfg = Release|Any CPU
		{F7830ABA-CFCF-481C-9AB7-D5973FFE9B85}.Release|ARM.Build.0 = Release|Any CPU
		{F7830ABA-CFCF-481C-9AB7-D5973FFE9B85}.Release|ARM.Deploy.0 = Release|Any CPU
		{F7830ABA-CFCF-481C-9AB7-D5973FFE9B85}.Release|ARM64.ActiveCfg = Release|Any CPU
		{F7830ABA-CFCF-481C-9AB7-D5973FFE9B85}.Release|ARM64.Build.0 = Release|Any CPU
		{F7830ABA-CFCF-481C-9AB7-D5973FFE9B85}.Release|ARM64.Deploy.0 = Release|Any CPU
		{F7830ABA-CFCF-481C-9AB7-D5973FFE9B85}.Release|iPhone.ActiveCfg = Release|Any CPU
		{F7830ABA-CFCF-481C-9AB7-D5973FFE9B85}.Release|iPhone.Build.0 = Release|Any CPU
		{F7830ABA-CFCF-481C-9AB7-D5973FFE9B85}.Release|iPhone.Deploy.0 = Release|Any CPU
		{F7830ABA-CFCF-481C-9AB7-D5973FFE9B85}.Release|iPhoneSimulator.ActiveCfg = Release|Any CPU
		{F7830ABA-CFCF-481C-9AB7-D5973FFE9B85}.Release|iPhoneSimulator.Build.0 = Release|Any CPU
		{F7830ABA-CFCF-481C-9AB7-D5973FFE9B85}.Release|iPhoneSimulator.Deploy.0 = Release|Any CPU
		{F7830ABA-CFCF-481C-9AB7-D5973FFE9B85}.Release|x64.ActiveCfg = Release|Any CPU
		{F7830ABA-CFCF-481C-9AB7-D5973FFE9B85}.Release|x64.Build.0 = Release|Any CPU
		{F7830ABA-CFCF-481C-9AB7-D5973FFE9B85}.Release|x64.Deploy.0 = Release|Any CPU
		{F7830ABA-CFCF-481C-9AB7-D5973FFE9B85}.Release|x86.ActiveCfg = Release|Any CPU
		{F7830ABA-CFCF-481C-9AB7-D5973FFE9B85}.Release|x86.Build.0 = Release|Any CPU
		{F7830ABA-CFCF-481C-9AB7-D5973FFE9B85}.Release|x86.Deploy.0 = Release|Any CPU
	EndGlobalSection
	GlobalSection(SolutionProperties) = preSolution
		HideSolutionNode = FALSE
	EndGlobalSection
	GlobalSection(NestedProjects) = preSolution
		{56694DD3-C6D7-4012-ACB8-576DB8A278B4} = {B835CB20-1EFD-4E0D-8A44-D2137B0BBA08}
		{A41FA517-4FA9-46B9-B243-D1980D9265CA} = {B835CB20-1EFD-4E0D-8A44-D2137B0BBA08}
		{31736910-5174-4C45-8BF7-0C2F58CA5DA6} = {B835CB20-1EFD-4E0D-8A44-D2137B0BBA08}
		{B2552CED-92C2-44EE-9EE0-086A7B780133} = {512684C5-3D70-49DD-8148-5FC1BD25CA4B}
		{F7830ABA-CFCF-481C-9AB7-D5973FFE9B85} = {B835CB20-1EFD-4E0D-8A44-D2137B0BBA08}
	EndGlobalSection
	GlobalSection(ExtensibilityGlobals) = postSolution
		SolutionGuid = {66E26DCB-2CC3-455D-90E2-D4C5218F48FF}
	EndGlobalSection
EndGlobal
